
Microsoft Visual Studio Solution File, Format Version 12.00
# Visual Studio Version 16
VisualStudioVersion = 16.0.31613.86
MinimumVisualStudioVersion = 10.0.40219.1
Project("{00D1A9C2-B5F0-4AF3-8072-F6C62B433612}") = "SQLFPract", "SQLFPract.sqlproj", "{48F5C086-0AFE-42A1-97FB-937AB6AC27DF}"
EndProject
Global
	GlobalSection(SolutionConfigurationPlatforms) = preSolution
		Debug|Any CPU = Debug|Any CPU
		Release|Any CPU = Release|Any CPU
	EndGlobalSection
	GlobalSection(ProjectConfigurationPlatforms) = postSolution
		{48F5C086-0AFE-42A1-97FB-937AB6AC27DF}.Debug|Any CPU.ActiveCfg = Debug|Any CPU
		{48F5C086-0AFE-42A1-97FB-937AB6AC27DF}.Debug|Any CPU.Build.0 = Debug|Any CPU
		{48F5C086-0AFE-42A1-97FB-937AB6AC27DF}.Debug|Any CPU.Deploy.0 = Debug|Any CPU
		{48F5C086-0AFE-42A1-97FB-937AB6AC27DF}.Release|Any CPU.ActiveCfg = Release|Any CPU
		{48F5C086-0AFE-42A1-97FB-937AB6AC27DF}.Release|Any CPU.Build.0 = Release|Any CPU
		{48F5C086-0AFE-42A1-97FB-937AB6AC27DF}.Release|Any CPU.Deploy.0 = Release|Any CPU
	EndGlobalSection
	GlobalSection(SolutionProperties) = preSolution
		HideSolutionNode = FALSE
	EndGlobalSection
	GlobalSection(ExtensibilityGlobals) = postSolution
		SolutionGuid = {EBDD98EA-9E17-4FE0-B3BF-77F9D5F1F319}
	EndGlobalSection
EndGlobal
