
Microsoft Visual Studio Solution File, Format Version 12.00
# Visual Studio Version 16
VisualStudioVersion = 16.0.31702.278
MinimumVisualStudioVersion = 10.0.40219.1
Project("{FAE04EC0-301F-11D3-BF4B-00C04F79EFBC}") = "DBForm", "DBForm.csproj", "{B3AE5E32-C15A-4C6E-BE11-EE6D6A37EDA6}"
EndProject
Global
	GlobalSection(SolutionConfigurationPlatforms) = preSolution
		Debug|Any CPU = Debug|Any CPU
		Release|Any CPU = Release|Any CPU
	EndGlobalSection
	GlobalSection(ProjectConfigurationPlatforms) = postSolution
		{B3AE5E32-C15A-4C6E-BE11-EE6D6A37EDA6}.Debug|Any CPU.ActiveCfg = Debug|Any CPU
		{B3AE5E32-C15A-4C6E-BE11-EE6D6A37EDA6}.Debug|Any CPU.Build.0 = Debug|Any CPU
		{B3AE5E32-C15A-4C6E-BE11-EE6D6A37EDA6}.Release|Any CPU.ActiveCfg = Release|Any CPU
		{B3AE5E32-C15A-4C6E-BE11-EE6D6A37EDA6}.Release|Any CPU.Build.0 = Release|Any CPU
	EndGlobalSection
	GlobalSection(SolutionProperties) = preSolution
		HideSolutionNode = FALSE
	EndGlobalSection
	GlobalSection(ExtensibilityGlobals) = postSolution
		SolutionGuid = {6A969B16-DFC6-473A-B893-61614A19B783}
	EndGlobalSection
EndGlobal
